
Microsoft Visual Studio Solution File, Format Version 12.00
# Visual Studio Version 16
VisualStudioVersion = 16.0.29709.97
MinimumVisualStudioVersion = 10.0.40219.1
Project("{9A19103F-16F7-4668-BE54-9A1E7A4F7556}") = "SSMiniProgram", "SSMiniProgram\SSMiniProgram.csproj", "{0A8AB6FA-B791-4C9C-A5DF-FDDBBD4AF5DA}"
EndProject
Project("{FAE04EC0-301F-11D3-BF4B-00C04F79EFBC}") = "Model", "Model\Model.csproj", "{320B0C31-032B-492C-9443-758E2B63A6D6}"
EndProject
Project("{FAE04EC0-301F-11D3-BF4B-00C04F79EFBC}") = "Services", "Services\Services.csproj", "{0898CA8D-DB21-4FF7-A20A-BCE2716A6BC6}"
EndProject
Project("{FAE04EC0-301F-11D3-BF4B-00C04F79EFBC}") = "DAL", "DAL\DAL.csproj", "{870B8E53-A357-4F49-9403-7D93F8C423C6}"
EndProject
Global
	GlobalSection(SolutionConfigurationPlatforms) = preSolution
		Debug|Any CPU = Debug|Any CPU
		Release|Any CPU = Release|Any CPU
	EndGlobalSection
	GlobalSection(ProjectConfigurationPlatforms) = postSolution
		{0A8AB6FA-B791-4C9C-A5DF-FDDBBD4AF5DA}.Debug|Any CPU.ActiveCfg = Debug|Any CPU
		{0A8AB6FA-B791-4C9C-A5DF-FDDBBD4AF5DA}.Debug|Any CPU.Build.0 = Debug|Any CPU
		{0A8AB6FA-B791-4C9C-A5DF-FDDBBD4AF5DA}.Release|Any CPU.ActiveCfg = Release|Any CPU
		{0A8AB6FA-B791-4C9C-A5DF-FDDBBD4AF5DA}.Release|Any CPU.Build.0 = Release|Any CPU
		{320B0C31-032B-492C-9443-758E2B63A6D6}.Debug|Any CPU.ActiveCfg = Debug|Any CPU
		{320B0C31-032B-492C-9443-758E2B63A6D6}.Debug|Any CPU.Build.0 = Debug|Any CPU
		{320B0C31-032B-492C-9443-758E2B63A6D6}.Release|Any CPU.ActiveCfg = Release|Any CPU
		{320B0C31-032B-492C-9443-758E2B63A6D6}.Release|Any CPU.Build.0 = Release|Any CPU
		{0898CA8D-DB21-4FF7-A20A-BCE2716A6BC6}.Debug|Any CPU.ActiveCfg = Debug|Any CPU
		{0898CA8D-DB21-4FF7-A20A-BCE2716A6BC6}.Debug|Any CPU.Build.0 = Debug|Any CPU
		{0898CA8D-DB21-4FF7-A20A-BCE2716A6BC6}.Release|Any CPU.ActiveCfg = Release|Any CPU
		{0898CA8D-DB21-4FF7-A20A-BCE2716A6BC6}.Release|Any CPU.Build.0 = Release|Any CPU
		{870B8E53-A357-4F49-9403-7D93F8C423C6}.Debug|Any CPU.ActiveCfg = Debug|Any CPU
		{870B8E53-A357-4F49-9403-7D93F8C423C6}.Debug|Any CPU.Build.0 = Debug|Any CPU
		{870B8E53-A357-4F49-9403-7D93F8C423C6}.Release|Any CPU.ActiveCfg = Release|Any CPU
		{870B8E53-A357-4F49-9403-7D93F8C423C6}.Release|Any CPU.Build.0 = Release|Any CPU
	EndGlobalSection
	GlobalSection(SolutionProperties) = preSolution
		HideSolutionNode = FALSE
	EndGlobalSection
	GlobalSection(ExtensibilityGlobals) = postSolution
		SolutionGuid = {837E3AA3-EC63-49C5-8B47-0BFA14AC3A00}
	EndGlobalSection
EndGlobal
